
Microsoft Visual Studio Solution File, Format Version 12.00
# Visual Studio Version 17
VisualStudioVersion = 17.7.34202.233
MinimumVisualStudioVersion = 10.0.40219.1
Project("{FAE04EC0-301F-11D3-BF4B-00C04F79EFBC}") = "EOSClient", "EOSClient\EOSClient.csproj", "{B76E2473-5FDB-4A85-A722-265B558C2478}"
	ProjectSection(ProjectDependencies) = postProject
		{53EE9B29-FC41-403F-ACCB-BA63A7B7B4B3} = {53EE9B29-FC41-403F-ACCB-BA63A7B7B4B3}
		{A68D169F-781A-46F4-A8D7-4A8367E4AF51} = {A68D169F-781A-46F4-A8D7-4A8367E4AF51}
		{ABAE76E7-CC3F-4623-9425-4E59406EF49E} = {ABAE76E7-CC3F-4623-9425-4E59406EF49E}
		{F6272222-B158-4803-A028-2F0957D9CFAC} = {F6272222-B158-4803-A028-2F0957D9CFAC}
	EndProjectSection
EndProject
Project("{FAE04EC0-301F-11D3-BF4B-00C04F79EFBC}") = "EncryptData", "EncryptData\EncryptData.csproj", "{F6272222-B158-4803-A028-2F0957D9CFAC}"
EndProject
Project("{FAE04EC0-301F-11D3-BF4B-00C04F79EFBC}") = "QuestionLib", "QuestionLib\QuestionLib.csproj", "{53EE9B29-FC41-403F-ACCB-BA63A7B7B4B3}"
EndProject
Project("{FAE04EC0-301F-11D3-BF4B-00C04F79EFBC}") = "NAudio", "NAudio\NAudio.csproj", "{A68D169F-781A-46F4-A8D7-4A8367E4AF51}"
EndProject
Project("{FAE04EC0-301F-11D3-BF4B-00C04F79EFBC}") = "ExamClient", "ExamClient_decomp\ExamClient.csproj", "{ABAE76E7-CC3F-4623-9425-4E59406EF49E}"
	ProjectSection(ProjectDependencies) = postProject
		{53EE9B29-FC41-403F-ACCB-BA63A7B7B4B3} = {53EE9B29-FC41-403F-ACCB-BA63A7B7B4B3}
		{A68D169F-781A-46F4-A8D7-4A8367E4AF51} = {A68D169F-781A-46F4-A8D7-4A8367E4AF51}
		{F6272222-B158-4803-A028-2F0957D9CFAC} = {F6272222-B158-4803-A028-2F0957D9CFAC}
	EndProjectSection
EndProject
Project("{FAE04EC0-301F-11D3-BF4B-00C04F79EFBC}") = "IRemote", "IRemote\IRemote.csproj", "{66F54C44-41B7-4B59-A914-983F181E5A48}"
EndProject
Global
	GlobalSection(SolutionConfigurationPlatforms) = preSolution
		Debug|Any CPU = Debug|Any CPU
		Release|Any CPU = Release|Any CPU
	EndGlobalSection
	GlobalSection(ProjectConfigurationPlatforms) = postSolution
		{B76E2473-5FDB-4A85-A722-265B558C2478}.Debug|Any CPU.ActiveCfg = Debug|Any CPU
		{B76E2473-5FDB-4A85-A722-265B558C2478}.Debug|Any CPU.Build.0 = Debug|Any CPU
		{B76E2473-5FDB-4A85-A722-265B558C2478}.Release|Any CPU.ActiveCfg = Release|Any CPU
		{B76E2473-5FDB-4A85-A722-265B558C2478}.Release|Any CPU.Build.0 = Release|Any CPU
		{F6272222-B158-4803-A028-2F0957D9CFAC}.Debug|Any CPU.ActiveCfg = Debug|Any CPU
		{F6272222-B158-4803-A028-2F0957D9CFAC}.Debug|Any CPU.Build.0 = Debug|Any CPU
		{F6272222-B158-4803-A028-2F0957D9CFAC}.Release|Any CPU.ActiveCfg = Release|Any CPU
		{F6272222-B158-4803-A028-2F0957D9CFAC}.Release|Any CPU.Build.0 = Release|Any CPU
		{53EE9B29-FC41-403F-ACCB-BA63A7B7B4B3}.Debug|Any CPU.ActiveCfg = Debug|Any CPU
		{53EE9B29-FC41-403F-ACCB-BA63A7B7B4B3}.Debug|Any CPU.Build.0 = Debug|Any CPU
		{53EE9B29-FC41-403F-ACCB-BA63A7B7B4B3}.Release|Any CPU.ActiveCfg = Release|Any CPU
		{53EE9B29-FC41-403F-ACCB-BA63A7B7B4B3}.Release|Any CPU.Build.0 = Release|Any CPU
		{A68D169F-781A-46F4-A8D7-4A8367E4AF51}.Debug|Any CPU.ActiveCfg = Debug|Any CPU
		{A68D169F-781A-46F4-A8D7-4A8367E4AF51}.Debug|Any CPU.Build.0 = Debug|Any CPU
		{A68D169F-781A-46F4-A8D7-4A8367E4AF51}.Release|Any CPU.ActiveCfg = Release|Any CPU
		{A68D169F-781A-46F4-A8D7-4A8367E4AF51}.Release|Any CPU.Build.0 = Release|Any CPU
		{ABAE76E7-CC3F-4623-9425-4E59406EF49E}.Debug|Any CPU.ActiveCfg = Debug|Any CPU
		{ABAE76E7-CC3F-4623-9425-4E59406EF49E}.Debug|Any CPU.Build.0 = Debug|Any CPU
		{ABAE76E7-CC3F-4623-9425-4E59406EF49E}.Release|Any CPU.ActiveCfg = Release|Any CPU
		{ABAE76E7-CC3F-4623-9425-4E59406EF49E}.Release|Any CPU.Build.0 = Release|Any CPU
		{66F54C44-41B7-4B59-A914-983F181E5A48}.Debug|Any CPU.ActiveCfg = Debug|Any CPU
		{66F54C44-41B7-4B59-A914-983F181E5A48}.Debug|Any CPU.Build.0 = Debug|Any CPU
		{66F54C44-41B7-4B59-A914-983F181E5A48}.Release|Any CPU.ActiveCfg = Release|Any CPU
		{66F54C44-41B7-4B59-A914-983F181E5A48}.Release|Any CPU.Build.0 = Release|Any CPU
	EndGlobalSection
	GlobalSection(SolutionProperties) = preSolution
		HideSolutionNode = FALSE
	EndGlobalSection
	GlobalSection(ExtensibilityGlobals) = postSolution
		SolutionGuid = {BB64AEC6-D8E2-4093-919D-5271B58746FB}
	EndGlobalSection
EndGlobal
